
Microsoft Visual Studio Solution File, Format Version 12.00
# Visual Studio 15
VisualStudioVersion = 15.0.27703.2000
MinimumVisualStudioVersion = 10.0.40219.1
Project("{FAE04EC0-301F-11D3-BF4B-00C04F79EFBC}") = "ActivityTracker", "ActivityTracker\ActivityTracker.csproj", "{AC210E17-3C6E-46C0-8980-C0769673FA0D}"
EndProject
Project("{FAE04EC0-301F-11D3-BF4B-00C04F79EFBC}") = "LINQExamples", "..\LINQWexamples\LINQExamples\LINQExamples.csproj", "{0A15764B-D1A3-416E-913B-0F1E63F4A314}"
EndProject
Project("{FAE04EC0-301F-11D3-BF4B-00C04F79EFBC}") = "Week1Lab1", "Week1Lab1\Week1Lab1.csproj", "{DFB20E70-30BC-4939-B7BF-5C320E282988}"
EndProject
Global
	GlobalSection(SolutionConfigurationPlatforms) = preSolution
		Debug|Any CPU = Debug|Any CPU
		Release|Any CPU = Release|Any CPU
	EndGlobalSection
	GlobalSection(ProjectConfigurationPlatforms) = postSolution
		{AC210E17-3C6E-46C0-8980-C0769673FA0D}.Debug|Any CPU.ActiveCfg = Debug|Any CPU
		{AC210E17-3C6E-46C0-8980-C0769673FA0D}.Debug|Any CPU.Build.0 = Debug|Any CPU
		{AC210E17-3C6E-46C0-8980-C0769673FA0D}.Release|Any CPU.ActiveCfg = Release|Any CPU
		{AC210E17-3C6E-46C0-8980-C0769673FA0D}.Release|Any CPU.Build.0 = Release|Any CPU
		{0A15764B-D1A3-416E-913B-0F1E63F4A314}.Debug|Any CPU.ActiveCfg = Debug|Any CPU
		{0A15764B-D1A3-416E-913B-0F1E63F4A314}.Debug|Any CPU.Build.0 = Debug|Any CPU
		{0A15764B-D1A3-416E-913B-0F1E63F4A314}.Release|Any CPU.ActiveCfg = Release|Any CPU
		{0A15764B-D1A3-416E-913B-0F1E63F4A314}.Release|Any CPU.Build.0 = Release|Any CPU
		{DFB20E70-30BC-4939-B7BF-5C320E282988}.Debug|Any CPU.ActiveCfg = Debug|Any CPU
		{DFB20E70-30BC-4939-B7BF-5C320E282988}.Debug|Any CPU.Build.0 = Debug|Any CPU
		{DFB20E70-30BC-4939-B7BF-5C320E282988}.Release|Any CPU.ActiveCfg = Release|Any CPU
		{DFB20E70-30BC-4939-B7BF-5C320E282988}.Release|Any CPU.Build.0 = Release|Any CPU
	EndGlobalSection
	GlobalSection(SolutionProperties) = preSolution
		HideSolutionNode = FALSE
	EndGlobalSection
	GlobalSection(ExtensibilityGlobals) = postSolution
		SolutionGuid = {E9BCB944-EA50-42B6-A82E-27873A188CDE}
	EndGlobalSection
EndGlobal
